
Microsoft Visual Studio Solution File, Format Version 12.00
Project("{FAE04EC0-301F-11D3-BF4B-00C04F79EFBC}") = "RitterFramework.Core", "src\RitterFramework.Core\RitterFramework.Core.csproj", "{2E056632-A263-4130-ABFE-A4DE6A917914}"
EndProject
Project("{FAE04EC0-301F-11D3-BF4B-00C04F79EFBC}") = "RitterFramework.Core.Tests", "tests\RitterFramework.Core.Tests\RitterFramework.Core.Tests.csproj", "{213C1AE5-BD16-4C5E-9E58-94E020631429}"
EndProject
Global
	GlobalSection(SolutionConfigurationPlatforms) = preSolution
		Debug|Any CPU = Debug|Any CPU
		Release|Any CPU = Release|Any CPU
	EndGlobalSection
	GlobalSection(ProjectConfigurationPlatforms) = postSolution
		{2E056632-A263-4130-ABFE-A4DE6A917914}.Debug|Any CPU.ActiveCfg = Debug|Any CPU
		{2E056632-A263-4130-ABFE-A4DE6A917914}.Debug|Any CPU.Build.0 = Debug|Any CPU
		{2E056632-A263-4130-ABFE-A4DE6A917914}.Release|Any CPU.ActiveCfg = Release|Any CPU
		{2E056632-A263-4130-ABFE-A4DE6A917914}.Release|Any CPU.Build.0 = Release|Any CPU
		{213C1AE5-BD16-4C5E-9E58-94E020631429}.Debug|Any CPU.ActiveCfg = Debug|Any CPU
		{213C1AE5-BD16-4C5E-9E58-94E020631429}.Debug|Any CPU.Build.0 = Debug|Any CPU
		{213C1AE5-BD16-4C5E-9E58-94E020631429}.Release|Any CPU.ActiveCfg = Release|Any CPU
		{213C1AE5-BD16-4C5E-9E58-94E020631429}.Release|Any CPU.Build.0 = Release|Any CPU
	EndGlobalSection
EndGlobal
